{
  "name": "poladroid",
  "lockfileVersion": 2,
  "requires": true,
  "packages": {
    "": {
      "dependencies": {
        "json2md": "^2.0.3"
      }
    },
    "node_modules/indento": {
      "version": "1.1.14",
      "resolved": "https://registry.npmjs.org/indento/-/indento-1.1.14.tgz",
      "integrity": "sha512-K4cK97v4M/ucCAbe3LUpg994folYL0WnEiCFxHXAIowKLbBb/Ahiazkz3Ao5gRar4i9pDr3imcpq4suOu0FbNw=="
    },
    "node_modules/json2md": {
      "version": "2.0.3",
      "resolved": "https://registry.npmjs.org/json2md/-/json2md-2.0.3.tgz",
      "integrity": "sha512-ZPzh6Djvqz8grJMxKllfCHo0p+p7BsbZ1J95KcCJgvvfdoy7myuKrrkUp80Kpy+wGauykC0dYljLqLY0kENaOw==",
      "dependencies": {
        "indento": "^1.1.13"
      }
    }
  },
  "dependencies": {
    "indento": {
      "version": "1.1.14",
      "resolved": "https://registry.npmjs.org/indento/-/indento-1.1.14.tgz",
      "integrity": "sha512-K4cK97v4M/ucCAbe3LUpg994folYL0WnEiCFxHXAIowKLbBb/Ahiazkz3Ao5gRar4i9pDr3imcpq4suOu0FbNw=="
    },
    "json2md": {
      "version": "2.0.3",
      "resolved": "https://registry.npmjs.org/json2md/-/json2md-2.0.3.tgz",
      "integrity": "sha512-ZPzh6Djvqz8grJMxKllfCHo0p+p7BsbZ1J95KcCJgvvfdoy7myuKrrkUp80Kpy+wGauykC0dYljLqLY0kENaOw==",
      "requires": {
        "indento": "^1.1.13"
      }
    }
  }
}
